
Microsoft Visual Studio Solution File, Format Version 12.00
# Visual Studio Version 17
VisualStudioVersion = 17.4.33213.308
MinimumVisualStudioVersion = 10.0.40219.1
Project("{9A19103F-16F7-4668-BE54-9A1E7A4F7556}") = "StartWeatherImageJob", "StartWeatherImageJob\StartWeatherImageJob.csproj", "{0B48F943-0A64-43BD-B644-002604667129}"
EndProject
Project("{9A19103F-16F7-4668-BE54-9A1E7A4F7556}") = "ProcessWeatherImageJob", "ProcessWeatherImageJob\ProcessWeatherImageJob.csproj", "{18C5530D-D67F-4C4F-8ECD-A09040DE9669}"
EndProject
Project("{9A19103F-16F7-4668-BE54-9A1E7A4F7556}") = "ImageGenerationJob", "ImageGenerationJob\ImageGenerationJob.csproj", "{2A059388-28C8-4580-B200-CF28B0A6BE3F}"
EndProject
Project("{9A19103F-16F7-4668-BE54-9A1E7A4F7556}") = "FetchGeneratedImages", "FetchGeneratedImages\FetchGeneratedImages.csproj", "{B6CB65A3-E48B-4EE6-A174-80B3E51B1A60}"
EndProject
Project("{2150E333-8FDC-42A3-9474-1A3956D46DE8}") = "http", "http", "{45BB805F-3C69-4A02-91D6-AE732371762E}"
	ProjectSection(SolutionItems) = preProject
		generated-images.http = generated-images.http
		start-job.http = start-job.http
	EndProjectSection
EndProject
Project("{2150E333-8FDC-42A3-9474-1A3956D46DE8}") = "deployment", "deployment", "{CCA54B3B-3567-45C5-9F28-AAD69D6FF434}"
	ProjectSection(SolutionItems) = preProject
		deploy.ps1 = deploy.ps1
		main.bicep = main.bicep
	EndProjectSection
EndProject
Project("{2150E333-8FDC-42A3-9474-1A3956D46DE8}") = "Solution Items", "Solution Items", "{CFCF2536-4417-49F0-90A8-DE16B01E53FE}"
	ProjectSection(SolutionItems) = preProject
		.env = .env
	EndProjectSection
EndProject
Global
	GlobalSection(SolutionConfigurationPlatforms) = preSolution
		Debug|Any CPU = Debug|Any CPU
		Release|Any CPU = Release|Any CPU
	EndGlobalSection
	GlobalSection(ProjectConfigurationPlatforms) = postSolution
		{0B48F943-0A64-43BD-B644-002604667129}.Debug|Any CPU.ActiveCfg = Debug|Any CPU
		{0B48F943-0A64-43BD-B644-002604667129}.Debug|Any CPU.Build.0 = Debug|Any CPU
		{0B48F943-0A64-43BD-B644-002604667129}.Release|Any CPU.ActiveCfg = Release|Any CPU
		{0B48F943-0A64-43BD-B644-002604667129}.Release|Any CPU.Build.0 = Release|Any CPU
		{18C5530D-D67F-4C4F-8ECD-A09040DE9669}.Debug|Any CPU.ActiveCfg = Debug|Any CPU
		{18C5530D-D67F-4C4F-8ECD-A09040DE9669}.Debug|Any CPU.Build.0 = Debug|Any CPU
		{18C5530D-D67F-4C4F-8ECD-A09040DE9669}.Release|Any CPU.ActiveCfg = Release|Any CPU
		{18C5530D-D67F-4C4F-8ECD-A09040DE9669}.Release|Any CPU.Build.0 = Release|Any CPU
		{2A059388-28C8-4580-B200-CF28B0A6BE3F}.Debug|Any CPU.ActiveCfg = Debug|Any CPU
		{2A059388-28C8-4580-B200-CF28B0A6BE3F}.Debug|Any CPU.Build.0 = Debug|Any CPU
		{2A059388-28C8-4580-B200-CF28B0A6BE3F}.Release|Any CPU.ActiveCfg = Release|Any CPU
		{2A059388-28C8-4580-B200-CF28B0A6BE3F}.Release|Any CPU.Build.0 = Release|Any CPU
		{B6CB65A3-E48B-4EE6-A174-80B3E51B1A60}.Debug|Any CPU.ActiveCfg = Debug|Any CPU
		{B6CB65A3-E48B-4EE6-A174-80B3E51B1A60}.Debug|Any CPU.Build.0 = Debug|Any CPU
		{B6CB65A3-E48B-4EE6-A174-80B3E51B1A60}.Release|Any CPU.ActiveCfg = Release|Any CPU
		{B6CB65A3-E48B-4EE6-A174-80B3E51B1A60}.Release|Any CPU.Build.0 = Release|Any CPU
	EndGlobalSection
	GlobalSection(SolutionProperties) = preSolution
		HideSolutionNode = FALSE
	EndGlobalSection
	GlobalSection(ExtensibilityGlobals) = postSolution
		SolutionGuid = {24077C7A-9EA1-4CF8-85DA-3AAE28C7318C}
	EndGlobalSection
EndGlobal
